// !$*UTF8*$!
{
	archiveVersion = 1;
	classes = {
	};
	objectVersion = 50;
	objects = {

/* Begin PBXBuildFile section */
		814AA1F925E1369D008C3614 /* Meal.m in Sources */ = {isa = PBXBuildFile; fileRef = 814AA1F825E1369D008C3614 /* Meal.m */; };
		814AA20425E278B1008C3614 /* MealTableViewCell.m in Sources */ = {isa = PBXBuildFile; fileRef = 814AA20325E278B1008C3614 /* MealTableViewCell.m */; };
		814AA20925E27E2F008C3614 /* MealTableViewController.m in Sources */ = {isa = PBXBuildFile; fileRef = 814AA20825E27E2F008C3614 /* MealTableViewController.m */; };
		81570DE525C83DD1000ABFDE /* RatingControl.m in Sources */ = {isa = PBXBuildFile; fileRef = 81570DE425C83DD1000ABFDE /* RatingControl.m */; };
		81FFE96725C44CE9003BC11C /* AppDelegate.m in Sources */ = {isa = PBXBuildFile; fileRef = 81FFE96625C44CE9003BC11C /* AppDelegate.m */; };
		81FFE96A25C44CE9003BC11C /* SceneDelegate.m in Sources */ = {isa = PBXBuildFile; fileRef = 81FFE96925C44CE9003BC11C /* SceneDelegate.m */; };
		81FFE96D25C44CE9003BC11C /* MealViewController.m in Sources */ = {isa = PBXBuildFile; fileRef = 81FFE96C25C44CE9003BC11C /* MealViewController.m */; };
		81FFE97025C44CE9003BC11C /* Main.storyboard in Resources */ = {isa = PBXBuildFile; fileRef = 81FFE96E25C44CE9003BC11C /* Main.storyboard */; };
		81FFE97225C44CED003BC11C /* Assets.xcassets in Resources */ = {isa = PBXBuildFile; fileRef = 81FFE97125C44CED003BC11C /* Assets.xcassets */; };
		81FFE97525C44CED003BC11C /* LaunchScreen.storyboard in Resources */ = {isa = PBXBuildFile; fileRef = 81FFE97325C44CED003BC11C /* LaunchScreen.storyboard */; };
		81FFE97825C44CED003BC11C /* main.m in Sources */ = {isa = PBXBuildFile; fileRef = 81FFE97725C44CED003BC11C /* main.m */; };
		81FFE98225C44CED003BC11C /* FoodTrackerTests.m in Sources */ = {isa = PBXBuildFile; fileRef = 81FFE98125C44CED003BC11C /* FoodTrackerTests.m */; };
/* End PBXBuildFile section */

/* Begin PBXContainerItemProxy section */
		81FFE97E25C44CED003BC11C /* PBXContainerItemProxy */ = {
			isa = PBXContainerItemProxy;
			containerPortal = 81FFE95A25C44CE9003BC11C /* Project object */;
			proxyType = 1;
			remoteGlobalIDString = 81FFE96125C44CE9003BC11C;
			remoteInfo = FoodTracker;
		};
/* End PBXContainerItemProxy section */

/* Begin PBXFileReference section */
		814AA1F725E1369D008C3614 /* Meal.h */ = {isa = PBXFileReference; lastKnownFileType = sourcecode.c.h; path = Meal.h; sourceTree = "<group>"; };
		814AA1F825E1369D008C3614 /* Meal.m */ = {isa = PBXFileReference; lastKnownFileType = sourcecode.c.objc; path = Meal.m; sourceTree = "<group>"; };
		814AA20225E278B1008C3614 /* MealTableViewCell.h */ = {isa = PBXFileReference; lastKnownFileType = sourcecode.c.h; path = MealTableViewCell.h; sourceTree = "<group>"; };
		814AA20325E278B1008C3614 /* MealTableViewCell.m */ = {isa = PBXFileReference; lastKnownFileType = sourcecode.c.objc; path = MealTableViewCell.m; sourceTree = "<group>"; };
		814AA20725E27E2F008C3614 /* MealTableViewController.h */ = {isa = PBXFileReference; lastKnownFileType = sourcecode.c.h; path = MealTableViewController.h; sourceTree = "<group>"; };
		814AA20825E27E2F008C3614 /* MealTableViewController.m */ = {isa = PBXFileReference; lastKnownFileType = sourcecode.c.objc; path = MealTableViewController.m; sourceTree = "<group>"; };
		81570DE325C83DD1000ABFDE /* RatingControl.h */ = {isa = PBXFileReference; lastKnownFileType = sourcecode.c.h; path = RatingControl.h; sourceTree = "<group>"; };
		81570DE425C83DD1000ABFDE /* RatingControl.m */ = {isa = PBXFileReference; lastKnownFileType = sourcecode.c.objc; path = RatingControl.m; sourceTree = "<group>"; };
		81FFE96225C44CE9003BC11C /* FoodTracker.app */ = {isa = PBXFileReference; explicitFileType = wrapper.application; includeInIndex = 0; path = FoodTracker.app; sourceTree = BUILT_PRODUCTS_DIR; };
		81FFE96525C44CE9003BC11C /* AppDelegate.h */ = {isa = PBXFileReference; lastKnownFileType = sourcecode.c.h; path = AppDelegate.h; sourceTree = "<group>"; };
		81FFE96625C44CE9003BC11C /* AppDelegate.m */ = {isa = PBXFileReference; lastKnownFileType = sourcecode.c.objc; path = AppDelegate.m; sourceTree = "<group>"; };
		81FFE96825C44CE9003BC11C /* SceneDelegate.h */ = {isa = PBXFileReference; lastKnownFileType = sourcecode.c.h; path = SceneDelegate.h; sourceTree = "<group>"; };
		81FFE96925C44CE9003BC11C /* SceneDelegate.m */ = {isa = PBXFileReference; lastKnownFileType = sourcecode.c.objc; path = SceneDelegate.m; sourceTree = "<group>"; };
		81FFE96B25C44CE9003BC11C /* MealViewController.h */ = {isa = PBXFileReference; lastKnownFileType = sourcecode.c.h; path = MealViewController.h; sourceTree = "<group>"; };
		81FFE96C25C44CE9003BC11C /* MealViewController.m */ = {isa = PBXFileReference; lastKnownFileType = sourcecode.c.objc; path = MealViewController.m; sourceTree = "<group>"; };
		81FFE96F25C44CE9003BC11C /* Base */ = {isa = PBXFileReference; lastKnownFileType = file.storyboard; name = Base; path = Base.lproj/Main.storyboard; sourceTree = "<group>"; };
		81FFE97125C44CED003BC11C /* Assets.xcassets */ = {isa = PBXFileReference; lastKnownFileType = folder.assetcatalog; path = Assets.xcassets; sourceTree = "<group>"; };
		81FFE97425C44CED003BC11C /* Base */ = {isa = PBXFileReference; lastKnownFileType = file.storyboard; name = Base; path = Base.lproj/LaunchScreen.storyboard; sourceTree = "<group>"; };
		81FFE97625C44CED003BC11C /* Info.plist */ = {isa = PBXFileReference; lastKnownFileType = text.plist.xml; path = Info.plist; sourceTree = "<group>"; };
		81FFE97725C44CED003BC11C /* main.m */ = {isa = PBXFileReference; lastKnownFileType = sourcecode.c.objc; path = main.m; sourceTree = "<group>"; };
		81FFE97D25C44CED003BC11C /* FoodTrackerTests.xctest */ = {isa = PBXFileReference; explicitFileType = wrapper.cfbundle; includeInIndex = 0; path = FoodTrackerTests.xctest; sourceTree = BUILT_PRODUCTS_DIR; };
		81FFE98125C44CED003BC11C /* FoodTrackerTests.m */ = {isa = PBXFileReference; lastKnownFileType = sourcecode.c.objc; path = FoodTrackerTests.m; sourceTree = "<group>"; };
		81FFE98325C44CED003BC11C /* Info.plist */ = {isa = PBXFileReference; lastKnownFileType = text.plist.xml; path = Info.plist; sourceTree = "<group>"; };
/* End PBXFileReference section */

/* Begin PBXFrameworksBuildPhase section */
		81FFE95F25C44CE9003BC11C /* Frameworks */ = {
			isa = PBXFrameworksBuildPhase;
			buildActionMask = 2147483647;
			files = (
			);
			runOnlyForDeploymentPostprocessing = 0;
		};
		81FFE97A25C44CED003BC11C /* Frameworks */ = {
			isa = PBXFrameworksBuildPhase;
			buildActionMask = 2147483647;
			files = (
			);
			runOnlyForDeploymentPostprocessing = 0;
		};
/* End PBXFrameworksBuildPhase section */

/* Begin PBXGroup section */
		81FFE95925C44CE9003BC11C = {
			isa = PBXGroup;
			children = (
				81FFE96425C44CE9003BC11C /* FoodTracker */,
				81FFE98025C44CED003BC11C /* FoodTrackerTests */,
				81FFE96325C44CE9003BC11C /* Products */,
			);
			sourceTree = "<group>";
		};
		81FFE96325C44CE9003BC11C /* Products */ = {
			isa = PBXGroup;
			children = (
				81FFE96225C44CE9003BC11C /* FoodTracker.app */,
				81FFE97D25C44CED003BC11C /* FoodTrackerTests.xctest */,
			);
			name = Products;
			sourceTree = "<group>";
		};
		81FFE96425C44CE9003BC11C /* FoodTracker */ = {
			isa = PBXGroup;
			children = (
				81FFE96525C44CE9003BC11C /* AppDelegate.h */,
				81FFE96625C44CE9003BC11C /* AppDelegate.m */,
				81FFE96825C44CE9003BC11C /* SceneDelegate.h */,
				81FFE96925C44CE9003BC11C /* SceneDelegate.m */,
				81FFE96E25C44CE9003BC11C /* Main.storyboard */,
				81FFE96B25C44CE9003BC11C /* MealViewController.h */,
				81FFE96C25C44CE9003BC11C /* MealViewController.m */,
				81570DE325C83DD1000ABFDE /* RatingControl.h */,
				81570DE425C83DD1000ABFDE /* RatingControl.m */,
				814AA20725E27E2F008C3614 /* MealTableViewController.h */,
				814AA20825E27E2F008C3614 /* MealTableViewController.m */,
				814AA20225E278B1008C3614 /* MealTableViewCell.h */,
				814AA20325E278B1008C3614 /* MealTableViewCell.m */,
				814AA1F725E1369D008C3614 /* Meal.h */,
				814AA1F825E1369D008C3614 /* Meal.m */,
				81FFE97125C44CED003BC11C /* Assets.xcassets */,
				81FFE97325C44CED003BC11C /* LaunchScreen.storyboard */,
				81FFE97625C44CED003BC11C /* Info.plist */,
				81FFE97725C44CED003BC11C /* main.m */,
			);
			path = FoodTracker;
			sourceTree = "<group>";
		};
		81FFE98025C44CED003BC11C /* FoodTrackerTests */ = {
			isa = PBXGroup;
			children = (
				81FFE98125C44CED003BC11C /* FoodTrackerTests.m */,
				81FFE98325C44CED003BC11C /* Info.plist */,
			);
			path = FoodTrackerTests;
			sourceTree = "<group>";
		};
/* End PBXGroup section */

/* Begin PBXNativeTarget section */
		81FFE96125C44CE9003BC11C /* FoodTracker */ = {
			isa = PBXNativeTarget;
			buildConfigurationList = 81FFE98625C44CED003BC11C /* Build configuration list for PBXNativeTarget "FoodTracker" */;
			buildPhases = (
				81FFE95E25C44CE9003BC11C /* Sources */,
				81FFE95F25C44CE9003BC11C /* Frameworks */,
				81FFE96025C44CE9003BC11C /* Resources */,
			);
			buildRules = (
			);
			dependencies = (
			);
			name = FoodTracker;
			productName = FoodTracker;
			productReference = 81FFE96225C44CE9003BC11C /* FoodTracker.app */;
			productType = "com.apple.product-type.application";
		};
		81FFE97C25C44CED003BC11C /* FoodTrackerTests */ = {
			isa = PBXNativeTarget;
			buildConfigurationList = 81FFE98925C44CED003BC11C /* Build configuration list for PBXNativeTarget "FoodTrackerTests" */;
			buildPhases = (
				81FFE97925C44CED003BC11C /* Sources */,
				81FFE97A25C44CED003BC11C /* Frameworks */,
				81FFE97B25C44CED003BC11C /* Resources */,
			);
			buildRules = (
			);
			dependencies = (
				81FFE97F25C44CED003BC11C /* PBXTargetDependency */,
			);
			name = FoodTrackerTests;
			productName = FoodTrackerTests;
			productReference = 81FFE97D25C44CED003BC11C /* FoodTrackerTests.xctest */;
			productType = "com.apple.product-type.bundle.unit-test";
		};
/* End PBXNativeTarget section */

/* Begin PBXProject section */
		81FFE95A25C44CE9003BC11C /* Project object */ = {
			isa = PBXProject;
			attributes = {
				LastUpgradeCheck = 1240;
				ORGANIZATIONNAME = "莫玄";
				TargetAttributes = {
					81FFE96125C44CE9003BC11C = {
						CreatedOnToolsVersion = 11.3.1;
					};
					81FFE97C25C44CED003BC11C = {
						CreatedOnToolsVersion = 11.3.1;
						TestTargetID = 81FFE96125C44CE9003BC11C;
					};
				};
			};
			buildConfigurationList = 81FFE95D25C44CE9003BC11C /* Build configuration list for PBXProject "FoodTracker" */;
			compatibilityVersion = "Xcode 9.3";
			developmentRegion = en;
			hasScannedForEncodings = 0;
			knownRegions = (
				en,
				Base,
			);
			mainGroup = 81FFE95925C44CE9003BC11C;
			productRefGroup = 81FFE96325C44CE9003BC11C /* Products */;
			projectDirPath = "";
			projectRoot = "";
			targets = (
				81FFE96125C44CE9003BC11C /* FoodTracker */,
				81FFE97C25C44CED003BC11C /* FoodTrackerTests */,
			);
		};
/* End PBXProject section */

/* Begin PBXResourcesBuildPhase section */
		81FFE96025C44CE9003BC11C /* Resources */ = {
			isa = PBXResourcesBuildPhase;
			buildActionMask = 2147483647;
			files = (
				81FFE97525C44CED003BC11C /* LaunchScreen.storyboard in Resources */,
				81FFE97225C44CED003BC11C /* Assets.xcassets in Resources */,
				81FFE97025C44CE9003BC11C /* Main.storyboard in Resources */,
			);
			runOnlyForDeploymentPostprocessing = 0;
		};
		81FFE97B25C44CED003BC11C /* Resources */ = {
			isa = PBXResourcesBuildPhase;
			buildActionMask = 2147483647;
			files = (
			);
			runOnlyForDeploymentPostprocessing = 0;
		};
/* End PBXResourcesBuildPhase section */

/* Begin PBXSourcesBuildPhase section */
		81FFE95E25C44CE9003BC11C /* Sources */ = {
			isa = PBXSourcesBuildPhase;
			buildActionMask = 2147483647;
			files = (
				81FFE96D25C44CE9003BC11C /* MealViewController.m in Sources */,
				81FFE96725C44CE9003BC11C /* AppDelegate.m in Sources */,
				814AA20925E27E2F008C3614 /* MealTableViewController.m in Sources */,
				81FFE97825C44CED003BC11C /* main.m in Sources */,
				814AA20425E278B1008C3614 /* MealTableViewCell.m in Sources */,
				81FFE96A25C44CE9003BC11C /* SceneDelegate.m in Sources */,
				814AA1F925E1369D008C3614 /* Meal.m in Sources */,
				81570DE525C83DD1000ABFDE /* RatingControl.m in Sources */,
			);
			runOnlyForDeploymentPostprocessing = 0;
		};
		81FFE97925C44CED003BC11C /* Sources */ = {
			isa = PBXSourcesBuildPhase;
			buildActionMask = 2147483647;
			files = (
				81FFE98225C44CED003BC11C /* FoodTrackerTests.m in Sources */,
			);
			runOnlyForDeploymentPostprocessing = 0;
		};
/* End PBXSourcesBuildPhase section */

/* Begin PBXTargetDependency section */
		81FFE97F25C44CED003BC11C /* PBXTargetDependency */ = {
			isa = PBXTargetDependency;
			target = 81FFE96125C44CE9003BC11C /* FoodTracker */;
			targetProxy = 81FFE97E25C44CED003BC11C /* PBXContainerItemProxy */;
		};
/* End PBXTargetDependency section */

/* Begin PBXVariantGroup section */
		81FFE96E25C44CE9003BC11C /* Main.storyboard */ = {
			isa = PBXVariantGroup;
			children = (
				81FFE96F25C44CE9003BC11C /* Base */,
			);
			name = Main.storyboard;
			sourceTree = "<group>";
		};
		81FFE97325C44CED003BC11C /* LaunchScreen.storyboard */ = {
			isa = PBXVariantGroup;
			children = (
				81FFE97425C44CED003BC11C /* Base */,
			);
			name = LaunchScreen.storyboard;
			sourceTree = "<group>";
		};
/* End PBXVariantGroup section */

/* Begin XCBuildConfiguration section */
		81FFE98425C44CED003BC11C /* Debug */ = {
			isa = XCBuildConfiguration;
			buildSettings = {
				ALWAYS_SEARCH_USER_PATHS = NO;
				CLANG_ANALYZER_NONNULL = YES;
				CLANG_ANALYZER_NUMBER_OBJECT_CONVERSION = YES_AGGRESSIVE;
				CLANG_CXX_LANGUAGE_STANDARD = "gnu++14";
				CLANG_CXX_LIBRARY = "libc++";
				CLANG_ENABLE_MODULES = YES;
				CLANG_ENABLE_OBJC_ARC = YES;
				CLANG_ENABLE_OBJC_WEAK = YES;
				CLANG_WARN_BLOCK_CAPTURE_AUTORELEASING = YES;
				CLANG_WARN_BOOL_CONVERSION = YES;
				CLANG_WARN_COMMA = YES;
				CLANG_WARN_CONSTANT_CONVERSION = YES;
				CLANG_WARN_DEPRECATED_OBJC_IMPLEMENTATIONS = YES;
				CLANG_WARN_DIRECT_OBJC_ISA_USAGE = YES_ERROR;
				CLANG_WARN_DOCUMENTATION_COMMENTS = YES;
				CLANG_WARN_EMPTY_BODY = YES;
				CLANG_WARN_ENUM_CONVERSION = YES;
				CLANG_WARN_INFINITE_RECURSION = YES;
				CLANG_WARN_INT_CONVERSION = YES;
				CLANG_WARN_NON_LITERAL_NULL_CONVERSION = YES;
				CLANG_WARN_OBJC_IMPLICIT_RETAIN_SELF = YES;
				CLANG_WARN_OBJC_LITERAL_CONVERSION = YES;
				CLANG_WARN_OBJC_ROOT_CLASS = YES_ERROR;
				CLANG_WARN_QUOTED_INCLUDE_IN_FRAMEWORK_HEADER = YES;
				CLANG_WARN_RANGE_LOOP_ANALYSIS = YES;
				CLANG_WARN_STRICT_PROTOTYPES = YES;
				CLANG_WARN_SUSPICIOUS_MOVE = YES;
				CLANG_WARN_UNGUARDED_AVAILABILITY = YES_AGGRESSIVE;
				CLANG_WARN_UNREACHABLE_CODE = YES;
				CLANG_WARN__DUPLICATE_METHOD_MATCH = YES;
				COPY_PHASE_STRIP = NO;
				DEBUG_INFORMATION_FORMAT = dwarf;
				ENABLE_STRICT_OBJC_MSGSEND = YES;
				ENABLE_TESTABILITY = YES;
				GCC_C_LANGUAGE_STANDARD = gnu11;
				GCC_DYNAMIC_NO_PIC = NO;
				GCC_NO_COMMON_BLOCKS = YES;
				GCC_OPTIMIZATION_LEVEL = 0;
				GCC_PREPROCESSOR_DEFINITIONS = (
					"DEBUG=1",
					"$(inherited)",
				);
				GCC_WARN_64_TO_32_BIT_CONVERSION = YES;
				GCC_WARN_ABOUT_RETURN_TYPE = YES_ERROR;
				GCC_WARN_UNDECLARED_SELECTOR = YES;
				GCC_WARN_UNINITIALIZED_AUTOS = YES_AGGRESSIVE;
				GCC_WARN_UNUSED_FUNCTION = YES;
				GCC_WARN_UNUSED_VARIABLE = YES;
				IPHONEOS_DEPLOYMENT_TARGET = 13.2;
				MTL_ENABLE_DEBUG_INFO = INCLUDE_SOURCE;
				MTL_FAST_MATH = YES;
				ONLY_ACTIVE_ARCH = YES;
				SDKROOT = iphoneos;
			};
			name = Debug;
		};
		81FFE98525C44CED003BC11C /* Release */ = {
			isa = XCBuildConfiguration;
			buildSettings = {
				ALWAYS_SEARCH_USER_PATHS = NO;
				CLANG_ANALYZER_NONNULL = YES;
				CLANG_ANALYZER_NUMBER_OBJECT_CONVERSION = YES_AGGRESSIVE;
				CLANG_CXX_LANGUAGE_STANDARD = "gnu++14";
				CLANG_CXX_LIBRARY = "libc++";
				CLANG_ENABLE_MODULES = YES;
				CLANG_ENABLE_OBJC_ARC = YES;
				CLANG_ENABLE_OBJC_WEAK = YES;
				CLANG_WARN_BLOCK_CAPTURE_AUTORELEASING = YES;
				CLANG_WARN_BOOL_CONVERSION = YES;
				CLANG_WARN_COMMA = YES;
				CLANG_WARN_CONSTANT_CONVERSION = YES;
				CLANG_WARN_DEPRECATED_OBJC_IMPLEMENTATIONS = YES;
				CLANG_WARN_DIRECT_OBJC_ISA_USAGE = YES_ERROR;
				CLANG_WARN_DOCUMENTATION_COMMENTS = YES;
				CLANG_WARN_EMPTY_BODY = YES;
				CLANG_WARN_ENUM_CONVERSION = YES;
				CLANG_WARN_INFINITE_RECURSION = YES;
				CLANG_WARN_INT_CONVERSION = YES;
				CLANG_WARN_NON_LITERAL_NULL_CONVERSION = YES;
				CLANG_WARN_OBJC_IMPLICIT_RETAIN_SELF = YES;
				CLANG_WARN_OBJC_LITERAL_CONVERSION = YES;
				CLANG_WARN_OBJC_ROOT_CLASS = YES_ERROR;
				CLANG_WARN_QUOTED_INCLUDE_IN_FRAMEWORK_HEADER = YES;
				CLANG_WARN_RANGE_LOOP_ANALYSIS = YES;
				CLANG_WARN_STRICT_PROTOTYPES = YES;
				CLANG_WARN_SUSPICIOUS_MOVE = YES;
				CLANG_WARN_UNGUARDED_AVAILABILITY = YES_AGGRESSIVE;
				CLANG_WARN_UNREACHABLE_CODE = YES;
				CLANG_WARN__DUPLICATE_METHOD_MATCH = YES;
				COPY_PHASE_STRIP = NO;
				DEBUG_INFORMATION_FORMAT = "dwarf-with-dsym";
				ENABLE_NS_ASSERTIONS = NO;
				ENABLE_STRICT_OBJC_MSGSEND = YES;
				GCC_C_LANGUAGE_STANDARD = gnu11;
				GCC_NO_COMMON_BLOCKS = YES;
				GCC_WARN_64_TO_32_BIT_CONVERSION = YES;
				GCC_WARN_ABOUT_RETURN_TYPE = YES_ERROR;
				GCC_WARN_UNDECLARED_SELECTOR = YES;
				GCC_WARN_UNINITIALIZED_AUTOS = YES_AGGRESSIVE;
				GCC_WARN_UNUSED_FUNCTION = YES;
				GCC_WARN_UNUSED_VARIABLE = YES;
				IPHONEOS_DEPLOYMENT_TARGET = 13.2;
				MTL_ENABLE_DEBUG_INFO = NO;
				MTL_FAST_MATH = YES;
				SDKROOT = iphoneos;
				VALIDATE_PRODUCT = YES;
			};
			name = Release;
		};
		81FFE98725C44CED003BC11C /* Debug */ = {
			isa = XCBuildConfiguration;
			buildSettings = {
				ASSETCATALOG_COMPILER_APPICON_NAME = AppIcon;
				CODE_SIGN_STYLE = Automatic;
				INFOPLIST_FILE = FoodTracker/Info.plist;
				LD_RUNPATH_SEARCH_PATHS = (
					"$(inherited)",
					"@executable_path/Frameworks",
				);
				PRODUCT_BUNDLE_IDENTIFIER = com.florentino.FoodTracker;
				PRODUCT_NAME = "$(TARGET_NAME)";
				TARGETED_DEVICE_FAMILY = "1,2";
			};
			name = Debug;
		};
		81FFE98825C44CED003BC11C /* Release */ = {
			isa = XCBuildConfiguration;
			buildSettings = {
				ASSETCATALOG_COMPILER_APPICON_NAME = AppIcon;
				CODE_SIGN_STYLE = Automatic;
				INFOPLIST_FILE = FoodTracker/Info.plist;
				LD_RUNPATH_SEARCH_PATHS = (
					"$(inherited)",
					"@executable_path/Frameworks",
				);
				PRODUCT_BUNDLE_IDENTIFIER = com.florentino.FoodTracker;
				PRODUCT_NAME = "$(TARGET_NAME)";
				TARGETED_DEVICE_FAMILY = "1,2";
			};
			name = Release;
		};
		81FFE98A25C44CED003BC11C /* Debug */ = {
			isa = XCBuildConfiguration;
			buildSettings = {
				BUNDLE_LOADER = "$(TEST_HOST)";
				CODE_SIGN_STYLE = Automatic;
				INFOPLIST_FILE = FoodTrackerTests/Info.plist;
				IPHONEOS_DEPLOYMENT_TARGET = 13.2;
				LD_RUNPATH_SEARCH_PATHS = (
					"$(inherited)",
					"@executable_path/Frameworks",
					"@loader_path/Frameworks",
				);
				PRODUCT_BUNDLE_IDENTIFIER = com.florentino.FoodTrackerTests;
				PRODUCT_NAME = "$(TARGET_NAME)";
				TARGETED_DEVICE_FAMILY = "1,2";
				TEST_HOST = "$(BUILT_PRODUCTS_DIR)/FoodTracker.app/FoodTracker";
			};
			name = Debug;
		};
		81FFE98B25C44CED003BC11C /* Release */ = {
			isa = XCBuildConfiguration;
			buildSettings = {
				BUNDLE_LOADER = "$(TEST_HOST)";
				CODE_SIGN_STYLE = Automatic;
				INFOPLIST_FILE = FoodTrackerTests/Info.plist;
				IPHONEOS_DEPLOYMENT_TARGET = 13.2;
				LD_RUNPATH_SEARCH_PATHS = (
					"$(inherited)",
					"@executable_path/Frameworks",
					"@loader_path/Frameworks",
				);
				PRODUCT_BUNDLE_IDENTIFIER = com.florentino.FoodTrackerTests;
				PRODUCT_NAME = "$(TARGET_NAME)";
				TARGETED_DEVICE_FAMILY = "1,2";
				TEST_HOST = "$(BUILT_PRODUCTS_DIR)/FoodTracker.app/FoodTracker";
			};
			name = Release;
		};
/* End XCBuildConfiguration section */

/* Begin XCConfigurationList section */
		81FFE95D25C44CE9003BC11C /* Build configuration list for PBXProject "FoodTracker" */ = {
			isa = XCConfigurationList;
			buildConfigurations = (
				81FFE98425C44CED003BC11C /* Debug */,
				81FFE98525C44CED003BC11C /* Release */,
			);
			defaultConfigurationIsVisible = 0;
			defaultConfigurationName = Release;
		};
		81FFE98625C44CED003BC11C /* Build configuration list for PBXNativeTarget "FoodTracker" */ = {
			isa = XCConfigurationList;
			buildConfigurations = (
				81FFE98725C44CED003BC11C /* Debug */,
				81FFE98825C44CED003BC11C /* Release */,
			);
			defaultConfigurationIsVisible = 0;
			defaultConfigurationName = Release;
		};
		81FFE98925C44CED003BC11C /* Build configuration list for PBXNativeTarget "FoodTrackerTests" */ = {
			isa = XCConfigurationList;
			buildConfigurations = (
				81FFE98A25C44CED003BC11C /* Debug */,
				81FFE98B25C44CED003BC11C /* Release */,
			);
			defaultConfigurationIsVisible = 0;
			defaultConfigurationName = Release;
		};
/* End XCConfigurationList section */
	};
	rootObject = 81FFE95A25C44CE9003BC11C /* Project object */;
}
