// !$*UTF8*$!
{
	archiveVersion = 1;
	classes = {
	};
	objectVersion = 50;
	objects = {

/* Begin PBXBuildFile section */
		81186755269F212300CBF116 /* tinywebserver.c in Sources */ = {isa = PBXBuildFile; fileRef = 81186754269F212300CBF116 /* tinywebserver.c */; };
		8143E1EE2697DCF3003860F3 /* robustIO.c in Sources */ = {isa = PBXBuildFile; fileRef = 8143E1ED2697DCF3003860F3 /* robustIO.c */; };
		8143E1F3269860BA003860F3 /* wrapSocket.c in Sources */ = {isa = PBXBuildFile; fileRef = 8143E1F2269860BA003860F3 /* wrapSocket.c */; };
		8143E1F6269876EF003860F3 /* echoclient.c in Sources */ = {isa = PBXBuildFile; fileRef = 8143E1F5269876EF003860F3 /* echoclient.c */; };
		8143E1F926987B46003860F3 /* echoservice.c in Sources */ = {isa = PBXBuildFile; fileRef = 8143E1F826987B46003860F3 /* echoservice.c */; };
		81DAA23826C52D7F008BE301 /* showBinaryStirng.c in Sources */ = {isa = PBXBuildFile; fileRef = 81DAA23726C52D7F008BE301 /* showBinaryStirng.c */; };
/* End PBXBuildFile section */

/* Begin PBXCopyFilesBuildPhase section */
		8143E1DD2697D820003860F3 /* CopyFiles */ = {
			isa = PBXCopyFilesBuildPhase;
			buildActionMask = 2147483647;
			dstPath = /usr/share/man/man1/;
			dstSubfolderSpec = 0;
			files = (
			);
			runOnlyForDeploymentPostprocessing = 1;
		};
/* End PBXCopyFilesBuildPhase section */

/* Begin PBXFileReference section */
		81186754269F212300CBF116 /* tinywebserver.c */ = {isa = PBXFileReference; lastKnownFileType = sourcecode.c.c; path = tinywebserver.c; sourceTree = "<group>"; };
		8143E1DF2697D820003860F3 /* echoWebServer */ = {isa = PBXFileReference; explicitFileType = "compiled.mach-o.executable"; includeInIndex = 0; path = echoWebServer; sourceTree = BUILT_PRODUCTS_DIR; };
		8143E1EC2697DCF3003860F3 /* robustIO.h */ = {isa = PBXFileReference; lastKnownFileType = sourcecode.c.h; path = robustIO.h; sourceTree = "<group>"; };
		8143E1ED2697DCF3003860F3 /* robustIO.c */ = {isa = PBXFileReference; lastKnownFileType = sourcecode.c.c; path = robustIO.c; sourceTree = "<group>"; };
		8143E1F1269860BA003860F3 /* wrapSocket.h */ = {isa = PBXFileReference; lastKnownFileType = sourcecode.c.h; path = wrapSocket.h; sourceTree = "<group>"; };
		8143E1F2269860BA003860F3 /* wrapSocket.c */ = {isa = PBXFileReference; lastKnownFileType = sourcecode.c.c; path = wrapSocket.c; sourceTree = "<group>"; };
		8143E1F5269876EF003860F3 /* echoclient.c */ = {isa = PBXFileReference; lastKnownFileType = sourcecode.c.c; path = echoclient.c; sourceTree = "<group>"; };
		8143E1F826987B46003860F3 /* echoservice.c */ = {isa = PBXFileReference; lastKnownFileType = sourcecode.c.c; path = echoservice.c; sourceTree = "<group>"; };
		81DAA23726C52D7F008BE301 /* showBinaryStirng.c */ = {isa = PBXFileReference; lastKnownFileType = sourcecode.c.c; path = showBinaryStirng.c; sourceTree = "<group>"; };
/* End PBXFileReference section */

/* Begin PBXFrameworksBuildPhase section */
		8143E1DC2697D820003860F3 /* Frameworks */ = {
			isa = PBXFrameworksBuildPhase;
			buildActionMask = 2147483647;
			files = (
			);
			runOnlyForDeploymentPostprocessing = 0;
		};
/* End PBXFrameworksBuildPhase section */

/* Begin PBXGroup section */
		8143E1D62697D820003860F3 = {
			isa = PBXGroup;
			children = (
				8143E1E12697D820003860F3 /* echoWebServer */,
				8143E1E02697D820003860F3 /* Products */,
			);
			sourceTree = "<group>";
		};
		8143E1E02697D820003860F3 /* Products */ = {
			isa = PBXGroup;
			children = (
				8143E1DF2697D820003860F3 /* echoWebServer */,
			);
			name = Products;
			sourceTree = "<group>";
		};
		8143E1E12697D820003860F3 /* echoWebServer */ = {
			isa = PBXGroup;
			children = (
				8143E1EC2697DCF3003860F3 /* robustIO.h */,
				8143E1ED2697DCF3003860F3 /* robustIO.c */,
				8143E1F1269860BA003860F3 /* wrapSocket.h */,
				8143E1F2269860BA003860F3 /* wrapSocket.c */,
				8143E1F5269876EF003860F3 /* echoclient.c */,
				8143E1F826987B46003860F3 /* echoservice.c */,
				81186754269F212300CBF116 /* tinywebserver.c */,
				81DAA23726C52D7F008BE301 /* showBinaryStirng.c */,
			);
			path = echoWebServer;
			sourceTree = "<group>";
		};
/* End PBXGroup section */

/* Begin PBXNativeTarget section */
		8143E1DE2697D820003860F3 /* echoWebServer */ = {
			isa = PBXNativeTarget;
			buildConfigurationList = 8143E1E62697D820003860F3 /* Build configuration list for PBXNativeTarget "echoWebServer" */;
			buildPhases = (
				8143E1DB2697D820003860F3 /* Sources */,
				8143E1DC2697D820003860F3 /* Frameworks */,
				8143E1DD2697D820003860F3 /* CopyFiles */,
			);
			buildRules = (
			);
			dependencies = (
			);
			name = echoWebServer;
			productName = echoWebServer;
			productReference = 8143E1DF2697D820003860F3 /* echoWebServer */;
			productType = "com.apple.product-type.tool";
		};
/* End PBXNativeTarget section */

/* Begin PBXProject section */
		8143E1D72697D820003860F3 /* Project object */ = {
			isa = PBXProject;
			attributes = {
				LastUpgradeCheck = 1240;
				TargetAttributes = {
					8143E1DE2697D820003860F3 = {
						CreatedOnToolsVersion = 12.4;
					};
				};
			};
			buildConfigurationList = 8143E1DA2697D820003860F3 /* Build configuration list for PBXProject "echoWebServer" */;
			compatibilityVersion = "Xcode 9.3";
			developmentRegion = en;
			hasScannedForEncodings = 0;
			knownRegions = (
				en,
				Base,
			);
			mainGroup = 8143E1D62697D820003860F3;
			productRefGroup = 8143E1E02697D820003860F3 /* Products */;
			projectDirPath = "";
			projectRoot = "";
			targets = (
				8143E1DE2697D820003860F3 /* echoWebServer */,
			);
		};
/* End PBXProject section */

/* Begin PBXSourcesBuildPhase section */
		8143E1DB2697D820003860F3 /* Sources */ = {
			isa = PBXSourcesBuildPhase;
			buildActionMask = 2147483647;
			files = (
				8143E1F3269860BA003860F3 /* wrapSocket.c in Sources */,
				8143E1EE2697DCF3003860F3 /* robustIO.c in Sources */,
				81DAA23826C52D7F008BE301 /* showBinaryStirng.c in Sources */,
				8143E1F6269876EF003860F3 /* echoclient.c in Sources */,
				8143E1F926987B46003860F3 /* echoservice.c in Sources */,
				81186755269F212300CBF116 /* tinywebserver.c in Sources */,
			);
			runOnlyForDeploymentPostprocessing = 0;
		};
/* End PBXSourcesBuildPhase section */

/* Begin XCBuildConfiguration section */
		8143E1E42697D820003860F3 /* Debug */ = {
			isa = XCBuildConfiguration;
			buildSettings = {
				ALWAYS_SEARCH_USER_PATHS = NO;
				CLANG_ANALYZER_NONNULL = YES;
				CLANG_ANALYZER_NUMBER_OBJECT_CONVERSION = YES_AGGRESSIVE;
				CLANG_CXX_LANGUAGE_STANDARD = "gnu++14";
				CLANG_CXX_LIBRARY = "libc++";
				CLANG_ENABLE_MODULES = YES;
				CLANG_ENABLE_OBJC_ARC = YES;
				CLANG_ENABLE_OBJC_WEAK = YES;
				CLANG_WARN_BLOCK_CAPTURE_AUTORELEASING = YES;
				CLANG_WARN_BOOL_CONVERSION = YES;
				CLANG_WARN_COMMA = YES;
				CLANG_WARN_CONSTANT_CONVERSION = YES;
				CLANG_WARN_DEPRECATED_OBJC_IMPLEMENTATIONS = YES;
				CLANG_WARN_DIRECT_OBJC_ISA_USAGE = YES_ERROR;
				CLANG_WARN_DOCUMENTATION_COMMENTS = YES;
				CLANG_WARN_EMPTY_BODY = YES;
				CLANG_WARN_ENUM_CONVERSION = YES;
				CLANG_WARN_INFINITE_RECURSION = YES;
				CLANG_WARN_INT_CONVERSION = YES;
				CLANG_WARN_NON_LITERAL_NULL_CONVERSION = YES;
				CLANG_WARN_OBJC_IMPLICIT_RETAIN_SELF = YES;
				CLANG_WARN_OBJC_LITERAL_CONVERSION = YES;
				CLANG_WARN_OBJC_ROOT_CLASS = YES_ERROR;
				CLANG_WARN_QUOTED_INCLUDE_IN_FRAMEWORK_HEADER = YES;
				CLANG_WARN_RANGE_LOOP_ANALYSIS = YES;
				CLANG_WARN_STRICT_PROTOTYPES = YES;
				CLANG_WARN_SUSPICIOUS_MOVE = YES;
				CLANG_WARN_UNGUARDED_AVAILABILITY = YES_AGGRESSIVE;
				CLANG_WARN_UNREACHABLE_CODE = YES;
				CLANG_WARN__DUPLICATE_METHOD_MATCH = YES;
				COPY_PHASE_STRIP = NO;
				DEBUG_INFORMATION_FORMAT = dwarf;
				ENABLE_STRICT_OBJC_MSGSEND = YES;
				ENABLE_TESTABILITY = YES;
				GCC_C_LANGUAGE_STANDARD = gnu11;
				GCC_DYNAMIC_NO_PIC = NO;
				GCC_NO_COMMON_BLOCKS = YES;
				GCC_OPTIMIZATION_LEVEL = 0;
				GCC_PREPROCESSOR_DEFINITIONS = (
					"DEBUG=1",
					"$(inherited)",
				);
				GCC_WARN_64_TO_32_BIT_CONVERSION = YES;
				GCC_WARN_ABOUT_RETURN_TYPE = YES_ERROR;
				GCC_WARN_UNDECLARED_SELECTOR = YES;
				GCC_WARN_UNINITIALIZED_AUTOS = YES_AGGRESSIVE;
				GCC_WARN_UNUSED_FUNCTION = YES;
				GCC_WARN_UNUSED_VARIABLE = YES;
				MACOSX_DEPLOYMENT_TARGET = 11.1;
				MTL_ENABLE_DEBUG_INFO = INCLUDE_SOURCE;
				MTL_FAST_MATH = YES;
				ONLY_ACTIVE_ARCH = YES;
				SDKROOT = macosx;
			};
			name = Debug;
		};
		8143E1E52697D820003860F3 /* Release */ = {
			isa = XCBuildConfiguration;
			buildSettings = {
				ALWAYS_SEARCH_USER_PATHS = NO;
				CLANG_ANALYZER_NONNULL = YES;
				CLANG_ANALYZER_NUMBER_OBJECT_CONVERSION = YES_AGGRESSIVE;
				CLANG_CXX_LANGUAGE_STANDARD = "gnu++14";
				CLANG_CXX_LIBRARY = "libc++";
				CLANG_ENABLE_MODULES = YES;
				CLANG_ENABLE_OBJC_ARC = YES;
				CLANG_ENABLE_OBJC_WEAK = YES;
				CLANG_WARN_BLOCK_CAPTURE_AUTORELEASING = YES;
				CLANG_WARN_BOOL_CONVERSION = YES;
				CLANG_WARN_COMMA = YES;
				CLANG_WARN_CONSTANT_CONVERSION = YES;
				CLANG_WARN_DEPRECATED_OBJC_IMPLEMENTATIONS = YES;
				CLANG_WARN_DIRECT_OBJC_ISA_USAGE = YES_ERROR;
				CLANG_WARN_DOCUMENTATION_COMMENTS = YES;
				CLANG_WARN_EMPTY_BODY = YES;
				CLANG_WARN_ENUM_CONVERSION = YES;
				CLANG_WARN_INFINITE_RECURSION = YES;
				CLANG_WARN_INT_CONVERSION = YES;
				CLANG_WARN_NON_LITERAL_NULL_CONVERSION = YES;
				CLANG_WARN_OBJC_IMPLICIT_RETAIN_SELF = YES;
				CLANG_WARN_OBJC_LITERAL_CONVERSION = YES;
				CLANG_WARN_OBJC_ROOT_CLASS = YES_ERROR;
				CLANG_WARN_QUOTED_INCLUDE_IN_FRAMEWORK_HEADER = YES;
				CLANG_WARN_RANGE_LOOP_ANALYSIS = YES;
				CLANG_WARN_STRICT_PROTOTYPES = YES;
				CLANG_WARN_SUSPICIOUS_MOVE = YES;
				CLANG_WARN_UNGUARDED_AVAILABILITY = YES_AGGRESSIVE;
				CLANG_WARN_UNREACHABLE_CODE = YES;
				CLANG_WARN__DUPLICATE_METHOD_MATCH = YES;
				COPY_PHASE_STRIP = NO;
				DEBUG_INFORMATION_FORMAT = "dwarf-with-dsym";
				ENABLE_NS_ASSERTIONS = NO;
				ENABLE_STRICT_OBJC_MSGSEND = YES;
				GCC_C_LANGUAGE_STANDARD = gnu11;
				GCC_NO_COMMON_BLOCKS = YES;
				GCC_WARN_64_TO_32_BIT_CONVERSION = YES;
				GCC_WARN_ABOUT_RETURN_TYPE = YES_ERROR;
				GCC_WARN_UNDECLARED_SELECTOR = YES;
				GCC_WARN_UNINITIALIZED_AUTOS = YES_AGGRESSIVE;
				GCC_WARN_UNUSED_FUNCTION = YES;
				GCC_WARN_UNUSED_VARIABLE = YES;
				MACOSX_DEPLOYMENT_TARGET = 11.1;
				MTL_ENABLE_DEBUG_INFO = NO;
				MTL_FAST_MATH = YES;
				SDKROOT = macosx;
			};
			name = Release;
		};
		8143E1E72697D820003860F3 /* Debug */ = {
			isa = XCBuildConfiguration;
			buildSettings = {
				CODE_SIGN_STYLE = Automatic;
				DEVELOPMENT_TEAM = 2ZU57N8BUA;
				ENABLE_HARDENED_RUNTIME = YES;
				PRODUCT_NAME = "$(TARGET_NAME)";
			};
			name = Debug;
		};
		8143E1E82697D820003860F3 /* Release */ = {
			isa = XCBuildConfiguration;
			buildSettings = {
				CODE_SIGN_STYLE = Automatic;
				DEVELOPMENT_TEAM = 2ZU57N8BUA;
				ENABLE_HARDENED_RUNTIME = YES;
				PRODUCT_NAME = "$(TARGET_NAME)";
			};
			name = Release;
		};
/* End XCBuildConfiguration section */

/* Begin XCConfigurationList section */
		8143E1DA2697D820003860F3 /* Build configuration list for PBXProject "echoWebServer" */ = {
			isa = XCConfigurationList;
			buildConfigurations = (
				8143E1E42697D820003860F3 /* Debug */,
				8143E1E52697D820003860F3 /* Release */,
			);
			defaultConfigurationIsVisible = 0;
			defaultConfigurationName = Release;
		};
		8143E1E62697D820003860F3 /* Build configuration list for PBXNativeTarget "echoWebServer" */ = {
			isa = XCConfigurationList;
			buildConfigurations = (
				8143E1E72697D820003860F3 /* Debug */,
				8143E1E82697D820003860F3 /* Release */,
			);
			defaultConfigurationIsVisible = 0;
			defaultConfigurationName = Release;
		};
/* End XCConfigurationList section */
	};
	rootObject = 8143E1D72697D820003860F3 /* Project object */;
}
