PODS:
  - AFNetworking (4.0.1):
    - AFNetworking/NSURLSession (= 4.0.1)
    - AFNetworking/Reachability (= 4.0.1)
    - AFNetworking/Security (= 4.0.1)
    - AFNetworking/Serialization (= 4.0.1)
    - AFNetworking/UIKit (= 4.0.1)
  - AFNetworking/NSURLSession (4.0.1):
    - AFNetworking/Reachability
    - AFNetworking/Security
    - AFNetworking/Serialization
  - AFNetworking/Reachability (4.0.1)
  - AFNetworking/Security (4.0.1)
  - AFNetworking/Serialization (4.0.1)
  - AFNetworking/UIKit (4.0.1):
    - AFNetworking/NSURLSession
  - FMDB (2.7.5):
    - FMDB/standard (= 2.7.5)
  - FMDB/standard (2.7.5)
  - PKRevealController (2.0.6)

DEPENDENCIES:
  - AFNetworking
  - FMDB
  - PKRevealController (~> 2.0.6)

SPEC REPOS:
  trunk:
    - AFNetworking
    - FMDB
    - PKRevealController

SPEC CHECKSUMS:
  AFNetworking: 7864c38297c79aaca1500c33288e429c3451fdce
  FMDB: 2ce00b547f966261cd18927a3ddb07cb6f3db82a
  PKRevealController: ffb45a16f5a5032ad90a3d16e5cbb0d8e035bd58

PODFILE CHECKSUM: fef1cc3152fcf98631888006b66558fae6422123

COCOAPODS: 1.10.1
